
Microsoft Visual Studio Solution File, Format Version 12.00
# Visual Studio Version 17
VisualStudioVersion = 17.3.32929.385
MinimumVisualStudioVersion = 10.0.40219.1
Project("{FAE04EC0-301F-11D3-BF4B-00C04F79EFBC}") = "Calculadora", "Calculadora\Calculadora.csproj", "{ABB08830-4EAA-4C46-8FFA-81BB6AA04AB2}"
EndProject
Global
	GlobalSection(SolutionConfigurationPlatforms) = preSolution
		Debug|Any CPU = Debug|Any CPU
		Release|Any CPU = Release|Any CPU
	EndGlobalSection
	GlobalSection(ProjectConfigurationPlatforms) = postSolution
		{ABB08830-4EAA-4C46-8FFA-81BB6AA04AB2}.Debug|Any CPU.ActiveCfg = Debug|Any CPU
		{ABB08830-4EAA-4C46-8FFA-81BB6AA04AB2}.Debug|Any CPU.Build.0 = Debug|Any CPU
		{ABB08830-4EAA-4C46-8FFA-81BB6AA04AB2}.Release|Any CPU.ActiveCfg = Release|Any CPU
		{ABB08830-4EAA-4C46-8FFA-81BB6AA04AB2}.Release|Any CPU.Build.0 = Release|Any CPU
	EndGlobalSection
	GlobalSection(SolutionProperties) = preSolution
		HideSolutionNode = FALSE
	EndGlobalSection
	GlobalSection(ExtensibilityGlobals) = postSolution
		SolutionGuid = {AA16D9E9-27C8-4770-92D9-2790B7D07403}
	EndGlobalSection
EndGlobal
